
Microsoft Visual Studio Solution File, Format Version 12.00
# Visual Studio Version 16
VisualStudioVersion = 16.0.31019.35
MinimumVisualStudioVersion = 10.0.40219.1
Project("{FAE04EC0-301F-11D3-BF4B-00C04F79EFBC}") = "UserEnroll", "UserEnroll.csproj", "{7D70F546-451C-4001-966E-0BCE4012CC16}"
EndProject
Project("{D954291E-2A0B-460D-934E-DC6B0785DB48}") = "SharedProject", "SharedProject\SharedProject.shproj", "{AC2242B8-3460-44AD-A694-74ABBAEFA919}"
EndProject
Global
	GlobalSection(SharedMSBuildProjectFiles) = preSolution
		SharedProject\SharedProject.projitems*{7d70f546-451c-4001-966e-0bce4012cc16}*SharedItemsImports = 4
		SharedProject\SharedProject.projitems*{ac2242b8-3460-44ad-a694-74abbaefa919}*SharedItemsImports = 13
	EndGlobalSection
	GlobalSection(SolutionConfigurationPlatforms) = preSolution
		Debug|Any CPU = Debug|Any CPU
		Release|Any CPU = Release|Any CPU
	EndGlobalSection
	GlobalSection(ProjectConfigurationPlatforms) = postSolution
		{7D70F546-451C-4001-966E-0BCE4012CC16}.Debug|Any CPU.ActiveCfg = Debug|Any CPU
		{7D70F546-451C-4001-966E-0BCE4012CC16}.Debug|Any CPU.Build.0 = Debug|Any CPU
		{7D70F546-451C-4001-966E-0BCE4012CC16}.Release|Any CPU.ActiveCfg = Release|Any CPU
		{7D70F546-451C-4001-966E-0BCE4012CC16}.Release|Any CPU.Build.0 = Release|Any CPU
	EndGlobalSection
	GlobalSection(SolutionProperties) = preSolution
		HideSolutionNode = FALSE
	EndGlobalSection
	GlobalSection(ExtensibilityGlobals) = postSolution
		SolutionGuid = {54606C44-7175-49F8-891F-6A30F0DF695E}
	EndGlobalSection
EndGlobal
